
Microsoft Visual Studio Solution File, Format Version 12.00
# Visual Studio 15
VisualStudioVersion = 15.0.27428.2002
MinimumVisualStudioVersion = 10.0.40219.1
Project("{FAE04EC0-301F-11D3-BF4B-00C04F79EFBC}") = "090418-eksam", "090418-eksam\090418-eksam.csproj", "{ECAB7E21-B152-4572-B3CC-928FC59A82F7}"
EndProject
Project("{FAE04EC0-301F-11D3-BF4B-00C04F79EFBC}") = "090418-eksam-2", "090418-eksam-2\090418-eksam-2.csproj", "{87CC2CB4-4665-4907-B525-4C4E896C8D19}"
EndProject
Project("{FAE04EC0-301F-11D3-BF4B-00C04F79EFBC}") = "090418-eksam-3", "090418-eksam-3\090418-eksam-3.csproj", "{7D115697-BB83-4654-AEAA-7835A9129FAD}"
EndProject
Project("{FAE04EC0-301F-11D3-BF4B-00C04F79EFBC}") = "090418-eksam-4", "090418-eksam-4\090418-eksam-4.csproj", "{9C9063D0-487C-47DC-B68C-ED033EBE88DA}"
EndProject
Global
	GlobalSection(SolutionConfigurationPlatforms) = preSolution
		Debug|Any CPU = Debug|Any CPU
		Release|Any CPU = Release|Any CPU
	EndGlobalSection
	GlobalSection(ProjectConfigurationPlatforms) = postSolution
		{ECAB7E21-B152-4572-B3CC-928FC59A82F7}.Debug|Any CPU.ActiveCfg = Debug|Any CPU
		{ECAB7E21-B152-4572-B3CC-928FC59A82F7}.Debug|Any CPU.Build.0 = Debug|Any CPU
		{ECAB7E21-B152-4572-B3CC-928FC59A82F7}.Release|Any CPU.ActiveCfg = Release|Any CPU
		{ECAB7E21-B152-4572-B3CC-928FC59A82F7}.Release|Any CPU.Build.0 = Release|Any CPU
		{87CC2CB4-4665-4907-B525-4C4E896C8D19}.Debug|Any CPU.ActiveCfg = Debug|Any CPU
		{87CC2CB4-4665-4907-B525-4C4E896C8D19}.Debug|Any CPU.Build.0 = Debug|Any CPU
		{87CC2CB4-4665-4907-B525-4C4E896C8D19}.Release|Any CPU.ActiveCfg = Release|Any CPU
		{87CC2CB4-4665-4907-B525-4C4E896C8D19}.Release|Any CPU.Build.0 = Release|Any CPU
		{7D115697-BB83-4654-AEAA-7835A9129FAD}.Debug|Any CPU.ActiveCfg = Debug|Any CPU
		{7D115697-BB83-4654-AEAA-7835A9129FAD}.Debug|Any CPU.Build.0 = Debug|Any CPU
		{7D115697-BB83-4654-AEAA-7835A9129FAD}.Release|Any CPU.ActiveCfg = Release|Any CPU
		{7D115697-BB83-4654-AEAA-7835A9129FAD}.Release|Any CPU.Build.0 = Release|Any CPU
		{9C9063D0-487C-47DC-B68C-ED033EBE88DA}.Debug|Any CPU.ActiveCfg = Debug|Any CPU
		{9C9063D0-487C-47DC-B68C-ED033EBE88DA}.Debug|Any CPU.Build.0 = Debug|Any CPU
		{9C9063D0-487C-47DC-B68C-ED033EBE88DA}.Release|Any CPU.ActiveCfg = Release|Any CPU
		{9C9063D0-487C-47DC-B68C-ED033EBE88DA}.Release|Any CPU.Build.0 = Release|Any CPU
	EndGlobalSection
	GlobalSection(SolutionProperties) = preSolution
		HideSolutionNode = FALSE
	EndGlobalSection
	GlobalSection(ExtensibilityGlobals) = postSolution
		SolutionGuid = {A84999A2-5F53-49DD-9EE3-1591047FA653}
	EndGlobalSection
EndGlobal
